// !$*UTF8*$!
{
	archiveVersion = 1;
	classes = {
	};
	objectVersion = 50;
	objects = {

/* Begin PBXBuildFile section */
		04B1589A285008AB00B06A72 /* AppDelegate.swift in Sources */ = {isa = PBXBuildFile; fileRef = 04B15899285008AB00B06A72 /* AppDelegate.swift */; };
		04B1589C285008AB00B06A72 /* SceneDelegate.swift in Sources */ = {isa = PBXBuildFile; fileRef = 04B1589B285008AB00B06A72 /* SceneDelegate.swift */; };
		04B1589E285008AB00B06A72 /* ViewController.swift in Sources */ = {isa = PBXBuildFile; fileRef = 04B1589D285008AB00B06A72 /* ViewController.swift */; };
		04B158A1285008AB00B06A72 /* Main.storyboard in Resources */ = {isa = PBXBuildFile; fileRef = 04B1589F285008AB00B06A72 /* Main.storyboard */; };
		04B158A3285008B800B06A72 /* Assets.xcassets in Resources */ = {isa = PBXBuildFile; fileRef = 04B158A2285008B800B06A72 /* Assets.xcassets */; };
		04B158A6285008B800B06A72 /* LaunchScreen.storyboard in Resources */ = {isa = PBXBuildFile; fileRef = 04B158A4285008B800B06A72 /* LaunchScreen.storyboard */; };
/* End PBXBuildFile section */

/* Begin PBXFileReference section */
		04B15896285008AB00B06A72 /* Test_Dotscreen.app */ = {isa = PBXFileReference; explicitFileType = wrapper.application; includeInIndex = 0; path = Test_Dotscreen.app; sourceTree = BUILT_PRODUCTS_DIR; };
		04B15899285008AB00B06A72 /* AppDelegate.swift */ = {isa = PBXFileReference; lastKnownFileType = sourcecode.swift; path = AppDelegate.swift; sourceTree = "<group>"; };
		04B1589B285008AB00B06A72 /* SceneDelegate.swift */ = {isa = PBXFileReference; lastKnownFileType = sourcecode.swift; path = SceneDelegate.swift; sourceTree = "<group>"; };
		04B1589D285008AB00B06A72 /* ViewController.swift */ = {isa = PBXFileReference; lastKnownFileType = sourcecode.swift; path = ViewController.swift; sourceTree = "<group>"; };
		04B158A0285008AB00B06A72 /* Base */ = {isa = PBXFileReference; lastKnownFileType = file.storyboard; name = Base; path = Base.lproj/Main.storyboard; sourceTree = "<group>"; };
		04B158A2285008B800B06A72 /* Assets.xcassets */ = {isa = PBXFileReference; lastKnownFileType = folder.assetcatalog; path = Assets.xcassets; sourceTree = "<group>"; };
		04B158A5285008B800B06A72 /* Base */ = {isa = PBXFileReference; lastKnownFileType = file.storyboard; name = Base; path = Base.lproj/LaunchScreen.storyboard; sourceTree = "<group>"; };
		04B158A7285008B800B06A72 /* Info.plist */ = {isa = PBXFileReference; lastKnownFileType = text.plist.xml; path = Info.plist; sourceTree = "<group>"; };
/* End PBXFileReference section */

/* Begin PBXFrameworksBuildPhase section */
		04B15893285008AB00B06A72 /* Frameworks */ = {
			isa = PBXFrameworksBuildPhase;
			buildActionMask = 2147483647;
			files = (
			);
			runOnlyForDeploymentPostprocessing = 0;
		};
/* End PBXFrameworksBuildPhase section */

/* Begin PBXGroup section */
		04B1588D285008AB00B06A72 = {
			isa = PBXGroup;
			children = (
				04B15898285008AB00B06A72 /* Test_Dotscreen */,
				04B15897285008AB00B06A72 /* Products */,
			);
			sourceTree = "<group>";
		};
		04B15897285008AB00B06A72 /* Products */ = {
			isa = PBXGroup;
			children = (
				04B15896285008AB00B06A72 /* Test_Dotscreen.app */,
			);
			name = Products;
			sourceTree = "<group>";
		};
		04B15898285008AB00B06A72 /* Test_Dotscreen */ = {
			isa = PBXGroup;
			children = (
				04B158B1285008E200B06A72 /* Other Files */,
				04B158AD285008C300B06A72 /* Model */,
				04B158B0285008D200B06A72 /* Controller */,
				04B158AE285008CB00B06A72 /* Vue */,
				04B158A7285008B800B06A72 /* Info.plist */,
			);
			path = Test_Dotscreen;
			sourceTree = "<group>";
		};
		04B158AD285008C300B06A72 /* Model */ = {
			isa = PBXGroup;
			children = (
			);
			path = Model;
			sourceTree = "<group>";
		};
		04B158AE285008CB00B06A72 /* Vue */ = {
			isa = PBXGroup;
			children = (
				04B158A4285008B800B06A72 /* LaunchScreen.storyboard */,
				04B1589F285008AB00B06A72 /* Main.storyboard */,
			);
			path = Vue;
			sourceTree = "<group>";
		};
		04B158B0285008D200B06A72 /* Controller */ = {
			isa = PBXGroup;
			children = (
				04B1589D285008AB00B06A72 /* ViewController.swift */,
			);
			path = Controller;
			sourceTree = "<group>";
		};
		04B158B1285008E200B06A72 /* Other Files */ = {
			isa = PBXGroup;
			children = (
				04B158A2285008B800B06A72 /* Assets.xcassets */,
				04B15899285008AB00B06A72 /* AppDelegate.swift */,
				04B1589B285008AB00B06A72 /* SceneDelegate.swift */,
			);
			path = "Other Files";
			sourceTree = "<group>";
		};
/* End PBXGroup section */

/* Begin PBXNativeTarget section */
		04B15895285008AB00B06A72 /* Test_Dotscreen */ = {
			isa = PBXNativeTarget;
			buildConfigurationList = 04B158AA285008B800B06A72 /* Build configuration list for PBXNativeTarget "Test_Dotscreen" */;
			buildPhases = (
				04B15892285008AB00B06A72 /* Sources */,
				04B15893285008AB00B06A72 /* Frameworks */,
				04B15894285008AB00B06A72 /* Resources */,
			);
			buildRules = (
			);
			dependencies = (
			);
			name = Test_Dotscreen;
			productName = Test_Dotscreen;
			productReference = 04B15896285008AB00B06A72 /* Test_Dotscreen.app */;
			productType = "com.apple.product-type.application";
		};
/* End PBXNativeTarget section */

/* Begin PBXProject section */
		04B1588E285008AB00B06A72 /* Project object */ = {
			isa = PBXProject;
			attributes = {
				LastSwiftUpdateCheck = 1240;
				LastUpgradeCheck = 1240;
				TargetAttributes = {
					04B15895285008AB00B06A72 = {
						CreatedOnToolsVersion = 12.4;
					};
				};
			};
			buildConfigurationList = 04B15891285008AB00B06A72 /* Build configuration list for PBXProject "Test_Dotscreen" */;
			compatibilityVersion = "Xcode 9.3";
			developmentRegion = en;
			hasScannedForEncodings = 0;
			knownRegions = (
				en,
				Base,
			);
			mainGroup = 04B1588D285008AB00B06A72;
			productRefGroup = 04B15897285008AB00B06A72 /* Products */;
			projectDirPath = "";
			projectRoot = "";
			targets = (
				04B15895285008AB00B06A72 /* Test_Dotscreen */,
			);
		};
/* End PBXProject section */

/* Begin PBXResourcesBuildPhase section */
		04B15894285008AB00B06A72 /* Resources */ = {
			isa = PBXResourcesBuildPhase;
			buildActionMask = 2147483647;
			files = (
				04B158A6285008B800B06A72 /* LaunchScreen.storyboard in Resources */,
				04B158A3285008B800B06A72 /* Assets.xcassets in Resources */,
				04B158A1285008AB00B06A72 /* Main.storyboard in Resources */,
			);
			runOnlyForDeploymentPostprocessing = 0;
		};
/* End PBXResourcesBuildPhase section */

/* Begin PBXSourcesBuildPhase section */
		04B15892285008AB00B06A72 /* Sources */ = {
			isa = PBXSourcesBuildPhase;
			buildActionMask = 2147483647;
			files = (
				04B1589E285008AB00B06A72 /* ViewController.swift in Sources */,
				04B1589A285008AB00B06A72 /* AppDelegate.swift in Sources */,
				04B1589C285008AB00B06A72 /* SceneDelegate.swift in Sources */,
			);
			runOnlyForDeploymentPostprocessing = 0;
		};
/* End PBXSourcesBuildPhase section */

/* Begin PBXVariantGroup section */
		04B1589F285008AB00B06A72 /* Main.storyboard */ = {
			isa = PBXVariantGroup;
			children = (
				04B158A0285008AB00B06A72 /* Base */,
			);
			name = Main.storyboard;
			sourceTree = "<group>";
		};
		04B158A4285008B800B06A72 /* LaunchScreen.storyboard */ = {
			isa = PBXVariantGroup;
			children = (
				04B158A5285008B800B06A72 /* Base */,
			);
			name = LaunchScreen.storyboard;
			sourceTree = "<group>";
		};
/* End PBXVariantGroup section */

/* Begin XCBuildConfiguration section */
		04B158A8285008B800B06A72 /* Debug */ = {
			isa = XCBuildConfiguration;
			buildSettings = {
				ALWAYS_SEARCH_USER_PATHS = NO;
				CLANG_ANALYZER_NONNULL = YES;
				CLANG_ANALYZER_NUMBER_OBJECT_CONVERSION = YES_AGGRESSIVE;
				CLANG_CXX_LANGUAGE_STANDARD = "gnu++14";
				CLANG_CXX_LIBRARY = "libc++";
				CLANG_ENABLE_MODULES = YES;
				CLANG_ENABLE_OBJC_ARC = YES;
				CLANG_ENABLE_OBJC_WEAK = YES;
				CLANG_WARN_BLOCK_CAPTURE_AUTORELEASING = YES;
				CLANG_WARN_BOOL_CONVERSION = YES;
				CLANG_WARN_COMMA = YES;
				CLANG_WARN_CONSTANT_CONVERSION = YES;
				CLANG_WARN_DEPRECATED_OBJC_IMPLEMENTATIONS = YES;
				CLANG_WARN_DIRECT_OBJC_ISA_USAGE = YES_ERROR;
				CLANG_WARN_DOCUMENTATION_COMMENTS = YES;
				CLANG_WARN_EMPTY_BODY = YES;
				CLANG_WARN_ENUM_CONVERSION = YES;
				CLANG_WARN_INFINITE_RECURSION = YES;
				CLANG_WARN_INT_CONVERSION = YES;
				CLANG_WARN_NON_LITERAL_NULL_CONVERSION = YES;
				CLANG_WARN_OBJC_IMPLICIT_RETAIN_SELF = YES;
				CLANG_WARN_OBJC_LITERAL_CONVERSION = YES;
				CLANG_WARN_OBJC_ROOT_CLASS = YES_ERROR;
				CLANG_WARN_QUOTED_INCLUDE_IN_FRAMEWORK_HEADER = YES;
				CLANG_WARN_RANGE_LOOP_ANALYSIS = YES;
				CLANG_WARN_STRICT_PROTOTYPES = YES;
				CLANG_WARN_SUSPICIOUS_MOVE = YES;
				CLANG_WARN_UNGUARDED_AVAILABILITY = YES_AGGRESSIVE;
				CLANG_WARN_UNREACHABLE_CODE = YES;
				CLANG_WARN__DUPLICATE_METHOD_MATCH = YES;
				COPY_PHASE_STRIP = NO;
				DEBUG_INFORMATION_FORMAT = dwarf;
				ENABLE_STRICT_OBJC_MSGSEND = YES;
				ENABLE_TESTABILITY = YES;
				GCC_C_LANGUAGE_STANDARD = gnu11;
				GCC_DYNAMIC_NO_PIC = NO;
				GCC_NO_COMMON_BLOCKS = YES;
				GCC_OPTIMIZATION_LEVEL = 0;
				GCC_PREPROCESSOR_DEFINITIONS = (
					"DEBUG=1",
					"$(inherited)",
				);
				GCC_WARN_64_TO_32_BIT_CONVERSION = YES;
				GCC_WARN_ABOUT_RETURN_TYPE = YES_ERROR;
				GCC_WARN_UNDECLARED_SELECTOR = YES;
				GCC_WARN_UNINITIALIZED_AUTOS = YES_AGGRESSIVE;
				GCC_WARN_UNUSED_FUNCTION = YES;
				GCC_WARN_UNUSED_VARIABLE = YES;
				IPHONEOS_DEPLOYMENT_TARGET = 14.4;
				MTL_ENABLE_DEBUG_INFO = INCLUDE_SOURCE;
				MTL_FAST_MATH = YES;
				ONLY_ACTIVE_ARCH = YES;
				SDKROOT = iphoneos;
				SWIFT_ACTIVE_COMPILATION_CONDITIONS = DEBUG;
				SWIFT_OPTIMIZATION_LEVEL = "-Onone";
			};
			name = Debug;
		};
		04B158A9285008B800B06A72 /* Release */ = {
			isa = XCBuildConfiguration;
			buildSettings = {
				ALWAYS_SEARCH_USER_PATHS = NO;
				CLANG_ANALYZER_NONNULL = YES;
				CLANG_ANALYZER_NUMBER_OBJECT_CONVERSION = YES_AGGRESSIVE;
				CLANG_CXX_LANGUAGE_STANDARD = "gnu++14";
				CLANG_CXX_LIBRARY = "libc++";
				CLANG_ENABLE_MODULES = YES;
				CLANG_ENABLE_OBJC_ARC = YES;
				CLANG_ENABLE_OBJC_WEAK = YES;
				CLANG_WARN_BLOCK_CAPTURE_AUTORELEASING = YES;
				CLANG_WARN_BOOL_CONVERSION = YES;
				CLANG_WARN_COMMA = YES;
				CLANG_WARN_CONSTANT_CONVERSION = YES;
				CLANG_WARN_DEPRECATED_OBJC_IMPLEMENTATIONS = YES;
				CLANG_WARN_DIRECT_OBJC_ISA_USAGE = YES_ERROR;
				CLANG_WARN_DOCUMENTATION_COMMENTS = YES;
				CLANG_WARN_EMPTY_BODY = YES;
				CLANG_WARN_ENUM_CONVERSION = YES;
				CLANG_WARN_INFINITE_RECURSION = YES;
				CLANG_WARN_INT_CONVERSION = YES;
				CLANG_WARN_NON_LITERAL_NULL_CONVERSION = YES;
				CLANG_WARN_OBJC_IMPLICIT_RETAIN_SELF = YES;
				CLANG_WARN_OBJC_LITERAL_CONVERSION = YES;
				CLANG_WARN_OBJC_ROOT_CLASS = YES_ERROR;
				CLANG_WARN_QUOTED_INCLUDE_IN_FRAMEWORK_HEADER = YES;
				CLANG_WARN_RANGE_LOOP_ANALYSIS = YES;
				CLANG_WARN_STRICT_PROTOTYPES = YES;
				CLANG_WARN_SUSPICIOUS_MOVE = YES;
				CLANG_WARN_UNGUARDED_AVAILABILITY = YES_AGGRESSIVE;
				CLANG_WARN_UNREACHABLE_CODE = YES;
				CLANG_WARN__DUPLICATE_METHOD_MATCH = YES;
				COPY_PHASE_STRIP = NO;
				DEBUG_INFORMATION_FORMAT = "dwarf-with-dsym";
				ENABLE_NS_ASSERTIONS = NO;
				ENABLE_STRICT_OBJC_MSGSEND = YES;
				GCC_C_LANGUAGE_STANDARD = gnu11;
				GCC_NO_COMMON_BLOCKS = YES;
				GCC_WARN_64_TO_32_BIT_CONVERSION = YES;
				GCC_WARN_ABOUT_RETURN_TYPE = YES_ERROR;
				GCC_WARN_UNDECLARED_SELECTOR = YES;
				GCC_WARN_UNINITIALIZED_AUTOS = YES_AGGRESSIVE;
				GCC_WARN_UNUSED_FUNCTION = YES;
				GCC_WARN_UNUSED_VARIABLE = YES;
				IPHONEOS_DEPLOYMENT_TARGET = 14.4;
				MTL_ENABLE_DEBUG_INFO = NO;
				MTL_FAST_MATH = YES;
				SDKROOT = iphoneos;
				SWIFT_COMPILATION_MODE = wholemodule;
				SWIFT_OPTIMIZATION_LEVEL = "-O";
				VALIDATE_PRODUCT = YES;
			};
			name = Release;
		};
		04B158AB285008B800B06A72 /* Debug */ = {
			isa = XCBuildConfiguration;
			buildSettings = {
				ASSETCATALOG_COMPILER_APPICON_NAME = AppIcon;
				ASSETCATALOG_COMPILER_GLOBAL_ACCENT_COLOR_NAME = AccentColor;
				CODE_SIGN_STYLE = Automatic;
				DEVELOPMENT_TEAM = 8453MU78WA;
				INFOPLIST_FILE = Test_Dotscreen/Info.plist;
				LD_RUNPATH_SEARCH_PATHS = (
					"$(inherited)",
					"@executable_path/Frameworks",
				);
				PRODUCT_BUNDLE_IDENTIFIER = "fr.gdtr.Test-Dotscreen";
				PRODUCT_NAME = "$(TARGET_NAME)";
				SWIFT_VERSION = 5.0;
				TARGETED_DEVICE_FAMILY = "1,2";
			};
			name = Debug;
		};
		04B158AC285008B800B06A72 /* Release */ = {
			isa = XCBuildConfiguration;
			buildSettings = {
				ASSETCATALOG_COMPILER_APPICON_NAME = AppIcon;
				ASSETCATALOG_COMPILER_GLOBAL_ACCENT_COLOR_NAME = AccentColor;
				CODE_SIGN_STYLE = Automatic;
				DEVELOPMENT_TEAM = 8453MU78WA;
				INFOPLIST_FILE = Test_Dotscreen/Info.plist;
				LD_RUNPATH_SEARCH_PATHS = (
					"$(inherited)",
					"@executable_path/Frameworks",
				);
				PRODUCT_BUNDLE_IDENTIFIER = "fr.gdtr.Test-Dotscreen";
				PRODUCT_NAME = "$(TARGET_NAME)";
				SWIFT_VERSION = 5.0;
				TARGETED_DEVICE_FAMILY = "1,2";
			};
			name = Release;
		};
/* End XCBuildConfiguration section */

/* Begin XCConfigurationList section */
		04B15891285008AB00B06A72 /* Build configuration list for PBXProject "Test_Dotscreen" */ = {
			isa = XCConfigurationList;
			buildConfigurations = (
				04B158A8285008B800B06A72 /* Debug */,
				04B158A9285008B800B06A72 /* Release */,
			);
			defaultConfigurationIsVisible = 0;
			defaultConfigurationName = Release;
		};
		04B158AA285008B800B06A72 /* Build configuration list for PBXNativeTarget "Test_Dotscreen" */ = {
			isa = XCConfigurationList;
			buildConfigurations = (
				04B158AB285008B800B06A72 /* Debug */,
				04B158AC285008B800B06A72 /* Release */,
			);
			defaultConfigurationIsVisible = 0;
			defaultConfigurationName = Release;
		};
/* End XCConfigurationList section */
	};
	rootObject = 04B1588E285008AB00B06A72 /* Project object */;
}
